
Microsoft Visual Studio Solution File, Format Version 12.00
# Visual Studio Version 16
VisualStudioVersion = 16.0.29911.84
MinimumVisualStudioVersion = 10.0.40219.1
Project("{FAE04EC0-301F-11D3-BF4B-00C04F79EFBC}") = "BlazorPeliculas.Server", "BlazorPeliculas\Server\BlazorPeliculas.Server.csproj", "{E51AB39F-309A-4B92-A683-5970D91EC503}"
EndProject
Project("{FAE04EC0-301F-11D3-BF4B-00C04F79EFBC}") = "BlazorPeliculas.Client", "BlazorPeliculas\Client\BlazorPeliculas.Client.csproj", "{C3C6D245-4F28-41BC-898F-DA3504E10B5D}"
EndProject
Project("{FAE04EC0-301F-11D3-BF4B-00C04F79EFBC}") = "BlazorPeliculas.Shared", "BlazorPeliculas\Shared\BlazorPeliculas.Shared.csproj", "{FB59B3EC-1E2C-4117-BDC3-245CFFDC2E5D}"
EndProject
Global
	GlobalSection(SolutionConfigurationPlatforms) = preSolution
		Debug|Any CPU = Debug|Any CPU
		Release|Any CPU = Release|Any CPU
	EndGlobalSection
	GlobalSection(ProjectConfigurationPlatforms) = postSolution
		{E51AB39F-309A-4B92-A683-5970D91EC503}.Debug|Any CPU.ActiveCfg = Debug|Any CPU
		{E51AB39F-309A-4B92-A683-5970D91EC503}.Debug|Any CPU.Build.0 = Debug|Any CPU
		{E51AB39F-309A-4B92-A683-5970D91EC503}.Release|Any CPU.ActiveCfg = Release|Any CPU
		{E51AB39F-309A-4B92-A683-5970D91EC503}.Release|Any CPU.Build.0 = Release|Any CPU
		{C3C6D245-4F28-41BC-898F-DA3504E10B5D}.Debug|Any CPU.ActiveCfg = Debug|Any CPU
		{C3C6D245-4F28-41BC-898F-DA3504E10B5D}.Debug|Any CPU.Build.0 = Debug|Any CPU
		{C3C6D245-4F28-41BC-898F-DA3504E10B5D}.Release|Any CPU.ActiveCfg = Release|Any CPU
		{C3C6D245-4F28-41BC-898F-DA3504E10B5D}.Release|Any CPU.Build.0 = Release|Any CPU
		{FB59B3EC-1E2C-4117-BDC3-245CFFDC2E5D}.Debug|Any CPU.ActiveCfg = Debug|Any CPU
		{FB59B3EC-1E2C-4117-BDC3-245CFFDC2E5D}.Debug|Any CPU.Build.0 = Debug|Any CPU
		{FB59B3EC-1E2C-4117-BDC3-245CFFDC2E5D}.Release|Any CPU.ActiveCfg = Release|Any CPU
		{FB59B3EC-1E2C-4117-BDC3-245CFFDC2E5D}.Release|Any CPU.Build.0 = Release|Any CPU
	EndGlobalSection
	GlobalSection(SolutionProperties) = preSolution
		HideSolutionNode = FALSE
	EndGlobalSection
	GlobalSection(ExtensibilityGlobals) = postSolution
		SolutionGuid = {4208F15F-3931-4FB0-80EE-1F0D84C401A4}
	EndGlobalSection
EndGlobal
